// !$*UTF8*$!
{
	archiveVersion = 1;
	classes = {
	};
	objectVersion = 46;
	objects = {

/* Begin PBXBuildFile section */
		CAE69E531CC27975008AD2E7 /* AppDelegate.swift in Sources */ = {isa = PBXBuildFile; fileRef = CAE69E521CC27975008AD2E7 /* AppDelegate.swift */; };
		CAE69E551CC27975008AD2E7 /* ViewController.swift in Sources */ = {isa = PBXBuildFile; fileRef = CAE69E541CC27975008AD2E7 /* ViewController.swift */; };
		CAE69E581CC27975008AD2E7 /* Main.storyboard in Resources */ = {isa = PBXBuildFile; fileRef = CAE69E561CC27975008AD2E7 /* Main.storyboard */; };
		CAE69E5A1CC27975008AD2E7 /* Assets.xcassets in Resources */ = {isa = PBXBuildFile; fileRef = CAE69E591CC27975008AD2E7 /* Assets.xcassets */; };
		CAE69E5D1CC27975008AD2E7 /* LaunchScreen.storyboard in Resources */ = {isa = PBXBuildFile; fileRef = CAE69E5B1CC27975008AD2E7 /* LaunchScreen.storyboard */; };
		CAE69E651CC279B6008AD2E7 /* axe-hit.wav in Resources */ = {isa = PBXBuildFile; fileRef = CAE69E641CC279B6008AD2E7 /* axe-hit.wav */; };
		CAE69E671CC279C6008AD2E7 /* orc-attack.wav in Resources */ = {isa = PBXBuildFile; fileRef = CAE69E661CC279C6008AD2E7 /* orc-attack.wav */; };
		CAE69E691CC279D0008AD2E7 /* orc-die.wav in Resources */ = {isa = PBXBuildFile; fileRef = CAE69E681CC279D0008AD2E7 /* orc-die.wav */; };
		CAE69E6B1CC279DB008AD2E7 /* player_select_music.wav in Resources */ = {isa = PBXBuildFile; fileRef = CAE69E6A1CC279DB008AD2E7 /* player_select_music.wav */; };
		CAE69E6D1CC279E5008AD2E7 /* soldier_attack.wav in Resources */ = {isa = PBXBuildFile; fileRef = CAE69E6C1CC279E5008AD2E7 /* soldier_attack.wav */; };
		CAE69E6F1CC279F0008AD2E7 /* soldier_die.wav in Resources */ = {isa = PBXBuildFile; fileRef = CAE69E6E1CC279F0008AD2E7 /* soldier_die.wav */; };
		CAE69E711CC279FB008AD2E7 /* sword-hit.wav in Resources */ = {isa = PBXBuildFile; fileRef = CAE69E701CC279FB008AD2E7 /* sword-hit.wav */; };
		CAE69E731CC27A23008AD2E7 /* GameController.swift in Sources */ = {isa = PBXBuildFile; fileRef = CAE69E721CC27A23008AD2E7 /* GameController.swift */; };
		CAE69E751CC29BE5008AD2E7 /* Character.swift in Sources */ = {isa = PBXBuildFile; fileRef = CAE69E741CC29BE5008AD2E7 /* Character.swift */; };
		CAE69E771CC29BFB008AD2E7 /* Soldier.swift in Sources */ = {isa = PBXBuildFile; fileRef = CAE69E761CC29BFB008AD2E7 /* Soldier.swift */; };
		CAE69E791CC29C12008AD2E7 /* Orc.swift in Sources */ = {isa = PBXBuildFile; fileRef = CAE69E781CC29C12008AD2E7 /* Orc.swift */; };
/* End PBXBuildFile section */

/* Begin PBXFileReference section */
		CAE69E4F1CC27975008AD2E7 /* Battle Bods.app */ = {isa = PBXFileReference; explicitFileType = wrapper.application; includeInIndex = 0; path = "Battle Bods.app"; sourceTree = BUILT_PRODUCTS_DIR; };
		CAE69E521CC27975008AD2E7 /* AppDelegate.swift */ = {isa = PBXFileReference; lastKnownFileType = sourcecode.swift; path = AppDelegate.swift; sourceTree = "<group>"; };
		CAE69E541CC27975008AD2E7 /* ViewController.swift */ = {isa = PBXFileReference; lastKnownFileType = sourcecode.swift; path = ViewController.swift; sourceTree = "<group>"; };
		CAE69E571CC27975008AD2E7 /* Base */ = {isa = PBXFileReference; lastKnownFileType = file.storyboard; name = Base; path = Base.lproj/Main.storyboard; sourceTree = "<group>"; };
		CAE69E591CC27975008AD2E7 /* Assets.xcassets */ = {isa = PBXFileReference; lastKnownFileType = folder.assetcatalog; path = Assets.xcassets; sourceTree = "<group>"; };
		CAE69E5C1CC27975008AD2E7 /* Base */ = {isa = PBXFileReference; lastKnownFileType = file.storyboard; name = Base; path = Base.lproj/LaunchScreen.storyboard; sourceTree = "<group>"; };
		CAE69E5E1CC27975008AD2E7 /* Info.plist */ = {isa = PBXFileReference; lastKnownFileType = text.plist.xml; path = Info.plist; sourceTree = "<group>"; };
		CAE69E641CC279B6008AD2E7 /* axe-hit.wav */ = {isa = PBXFileReference; lastKnownFileType = audio.wav; path = "axe-hit.wav"; sourceTree = "<group>"; };
		CAE69E661CC279C6008AD2E7 /* orc-attack.wav */ = {isa = PBXFileReference; lastKnownFileType = audio.wav; path = "orc-attack.wav"; sourceTree = "<group>"; };
		CAE69E681CC279D0008AD2E7 /* orc-die.wav */ = {isa = PBXFileReference; lastKnownFileType = audio.wav; path = "orc-die.wav"; sourceTree = "<group>"; };
		CAE69E6A1CC279DB008AD2E7 /* player_select_music.wav */ = {isa = PBXFileReference; lastKnownFileType = audio.wav; path = player_select_music.wav; sourceTree = "<group>"; };
		CAE69E6C1CC279E5008AD2E7 /* soldier_attack.wav */ = {isa = PBXFileReference; lastKnownFileType = audio.wav; path = soldier_attack.wav; sourceTree = "<group>"; };
		CAE69E6E1CC279F0008AD2E7 /* soldier_die.wav */ = {isa = PBXFileReference; lastKnownFileType = audio.wav; path = soldier_die.wav; sourceTree = "<group>"; };
		CAE69E701CC279FB008AD2E7 /* sword-hit.wav */ = {isa = PBXFileReference; lastKnownFileType = audio.wav; path = "sword-hit.wav"; sourceTree = "<group>"; };
		CAE69E721CC27A23008AD2E7 /* GameController.swift */ = {isa = PBXFileReference; fileEncoding = 4; lastKnownFileType = sourcecode.swift; path = GameController.swift; sourceTree = "<group>"; };
		CAE69E741CC29BE5008AD2E7 /* Character.swift */ = {isa = PBXFileReference; fileEncoding = 4; lastKnownFileType = sourcecode.swift; path = Character.swift; sourceTree = "<group>"; };
		CAE69E761CC29BFB008AD2E7 /* Soldier.swift */ = {isa = PBXFileReference; fileEncoding = 4; lastKnownFileType = sourcecode.swift; path = Soldier.swift; sourceTree = "<group>"; };
		CAE69E781CC29C12008AD2E7 /* Orc.swift */ = {isa = PBXFileReference; fileEncoding = 4; lastKnownFileType = sourcecode.swift; path = Orc.swift; sourceTree = "<group>"; };
/* End PBXFileReference section */

/* Begin PBXFrameworksBuildPhase section */
		CAE69E4C1CC27975008AD2E7 /* Frameworks */ = {
			isa = PBXFrameworksBuildPhase;
			buildActionMask = 2147483647;
			files = (
			);
			runOnlyForDeploymentPostprocessing = 0;
		};
/* End PBXFrameworksBuildPhase section */

/* Begin PBXGroup section */
		CAE69E461CC27975008AD2E7 = {
			isa = PBXGroup;
			children = (
				CAE69E511CC27975008AD2E7 /* Battle Bods */,
				CAE69E501CC27975008AD2E7 /* Products */,
			);
			sourceTree = "<group>";
		};
		CAE69E501CC27975008AD2E7 /* Products */ = {
			isa = PBXGroup;
			children = (
				CAE69E4F1CC27975008AD2E7 /* Battle Bods.app */,
			);
			name = Products;
			sourceTree = "<group>";
		};
		CAE69E511CC27975008AD2E7 /* Battle Bods */ = {
			isa = PBXGroup;
			children = (
				CAE69E701CC279FB008AD2E7 /* sword-hit.wav */,
				CAE69E6E1CC279F0008AD2E7 /* soldier_die.wav */,
				CAE69E6C1CC279E5008AD2E7 /* soldier_attack.wav */,
				CAE69E6A1CC279DB008AD2E7 /* player_select_music.wav */,
				CAE69E681CC279D0008AD2E7 /* orc-die.wav */,
				CAE69E661CC279C6008AD2E7 /* orc-attack.wav */,
				CAE69E641CC279B6008AD2E7 /* axe-hit.wav */,
				CAE69E521CC27975008AD2E7 /* AppDelegate.swift */,
				CAE69E541CC27975008AD2E7 /* ViewController.swift */,
				CAE69E561CC27975008AD2E7 /* Main.storyboard */,
				CAE69E591CC27975008AD2E7 /* Assets.xcassets */,
				CAE69E5B1CC27975008AD2E7 /* LaunchScreen.storyboard */,
				CAE69E5E1CC27975008AD2E7 /* Info.plist */,
				CAE69E721CC27A23008AD2E7 /* GameController.swift */,
				CAE69E741CC29BE5008AD2E7 /* Character.swift */,
				CAE69E761CC29BFB008AD2E7 /* Soldier.swift */,
				CAE69E781CC29C12008AD2E7 /* Orc.swift */,
			);
			path = "Battle Bods";
			sourceTree = "<group>";
		};
/* End PBXGroup section */

/* Begin PBXNativeTarget section */
		CAE69E4E1CC27975008AD2E7 /* Battle Bods */ = {
			isa = PBXNativeTarget;
			buildConfigurationList = CAE69E611CC27975008AD2E7 /* Build configuration list for PBXNativeTarget "Battle Bods" */;
			buildPhases = (
				CAE69E4B1CC27975008AD2E7 /* Sources */,
				CAE69E4C1CC27975008AD2E7 /* Frameworks */,
				CAE69E4D1CC27975008AD2E7 /* Resources */,
			);
			buildRules = (
			);
			dependencies = (
			);
			name = "Battle Bods";
			productName = "Battle Bods";
			productReference = CAE69E4F1CC27975008AD2E7 /* Battle Bods.app */;
			productType = "com.apple.product-type.application";
		};
/* End PBXNativeTarget section */

/* Begin PBXProject section */
		CAE69E471CC27975008AD2E7 /* Project object */ = {
			isa = PBXProject;
			attributes = {
				LastSwiftUpdateCheck = 0730;
				LastUpgradeCheck = 0730;
				ORGANIZATIONNAME = "Wee Toon Software";
				TargetAttributes = {
					CAE69E4E1CC27975008AD2E7 = {
						CreatedOnToolsVersion = 7.3;
						DevelopmentTeam = 4E6UX49N27;
					};
				};
			};
			buildConfigurationList = CAE69E4A1CC27975008AD2E7 /* Build configuration list for PBXProject "Battle Bods" */;
			compatibilityVersion = "Xcode 3.2";
			developmentRegion = English;
			hasScannedForEncodings = 0;
			knownRegions = (
				en,
				Base,
			);
			mainGroup = CAE69E461CC27975008AD2E7;
			productRefGroup = CAE69E501CC27975008AD2E7 /* Products */;
			projectDirPath = "";
			projectRoot = "";
			targets = (
				CAE69E4E1CC27975008AD2E7 /* Battle Bods */,
			);
		};
/* End PBXProject section */

/* Begin PBXResourcesBuildPhase section */
		CAE69E4D1CC27975008AD2E7 /* Resources */ = {
			isa = PBXResourcesBuildPhase;
			buildActionMask = 2147483647;
			files = (
				CAE69E5D1CC27975008AD2E7 /* LaunchScreen.storyboard in Resources */,
				CAE69E5A1CC27975008AD2E7 /* Assets.xcassets in Resources */,
				CAE69E6B1CC279DB008AD2E7 /* player_select_music.wav in Resources */,
				CAE69E691CC279D0008AD2E7 /* orc-die.wav in Resources */,
				CAE69E671CC279C6008AD2E7 /* orc-attack.wav in Resources */,
				CAE69E581CC27975008AD2E7 /* Main.storyboard in Resources */,
				CAE69E6F1CC279F0008AD2E7 /* soldier_die.wav in Resources */,
				CAE69E651CC279B6008AD2E7 /* axe-hit.wav in Resources */,
				CAE69E711CC279FB008AD2E7 /* sword-hit.wav in Resources */,
				CAE69E6D1CC279E5008AD2E7 /* soldier_attack.wav in Resources */,
			);
			runOnlyForDeploymentPostprocessing = 0;
		};
/* End PBXResourcesBuildPhase section */

/* Begin PBXSourcesBuildPhase section */
		CAE69E4B1CC27975008AD2E7 /* Sources */ = {
			isa = PBXSourcesBuildPhase;
			buildActionMask = 2147483647;
			files = (
				CAE69E551CC27975008AD2E7 /* ViewController.swift in Sources */,
				CAE69E771CC29BFB008AD2E7 /* Soldier.swift in Sources */,
				CAE69E791CC29C12008AD2E7 /* Orc.swift in Sources */,
				CAE69E731CC27A23008AD2E7 /* GameController.swift in Sources */,
				CAE69E531CC27975008AD2E7 /* AppDelegate.swift in Sources */,
				CAE69E751CC29BE5008AD2E7 /* Character.swift in Sources */,
			);
			runOnlyForDeploymentPostprocessing = 0;
		};
/* End PBXSourcesBuildPhase section */

/* Begin PBXVariantGroup section */
		CAE69E561CC27975008AD2E7 /* Main.storyboard */ = {
			isa = PBXVariantGroup;
			children = (
				CAE69E571CC27975008AD2E7 /* Base */,
			);
			name = Main.storyboard;
			sourceTree = "<group>";
		};
		CAE69E5B1CC27975008AD2E7 /* LaunchScreen.storyboard */ = {
			isa = PBXVariantGroup;
			children = (
				CAE69E5C1CC27975008AD2E7 /* Base */,
			);
			name = LaunchScreen.storyboard;
			sourceTree = "<group>";
		};
/* End PBXVariantGroup section */

/* Begin XCBuildConfiguration section */
		CAE69E5F1CC27975008AD2E7 /* Debug */ = {
			isa = XCBuildConfiguration;
			buildSettings = {
				ALWAYS_SEARCH_USER_PATHS = NO;
				CLANG_ANALYZER_NONNULL = YES;
				CLANG_CXX_LANGUAGE_STANDARD = "gnu++0x";
				CLANG_CXX_LIBRARY = "libc++";
				CLANG_ENABLE_MODULES = YES;
				CLANG_ENABLE_OBJC_ARC = YES;
				CLANG_WARN_BOOL_CONVERSION = YES;
				CLANG_WARN_CONSTANT_CONVERSION = YES;
				CLANG_WARN_DIRECT_OBJC_ISA_USAGE = YES_ERROR;
				CLANG_WARN_EMPTY_BODY = YES;
				CLANG_WARN_ENUM_CONVERSION = YES;
				CLANG_WARN_INT_CONVERSION = YES;
				CLANG_WARN_OBJC_ROOT_CLASS = YES_ERROR;
				CLANG_WARN_UNREACHABLE_CODE = YES;
				CLANG_WARN__DUPLICATE_METHOD_MATCH = YES;
				"CODE_SIGN_IDENTITY[sdk=iphoneos*]" = "iPhone Developer";
				COPY_PHASE_STRIP = NO;
				DEBUG_INFORMATION_FORMAT = dwarf;
				ENABLE_STRICT_OBJC_MSGSEND = YES;
				ENABLE_TESTABILITY = YES;
				GCC_C_LANGUAGE_STANDARD = gnu99;
				GCC_DYNAMIC_NO_PIC = NO;
				GCC_NO_COMMON_BLOCKS = YES;
				GCC_OPTIMIZATION_LEVEL = 0;
				GCC_PREPROCESSOR_DEFINITIONS = (
					"DEBUG=1",
					"$(inherited)",
				);
				GCC_WARN_64_TO_32_BIT_CONVERSION = YES;
				GCC_WARN_ABOUT_RETURN_TYPE = YES_ERROR;
				GCC_WARN_UNDECLARED_SELECTOR = YES;
				GCC_WARN_UNINITIALIZED_AUTOS = YES_AGGRESSIVE;
				GCC_WARN_UNUSED_FUNCTION = YES;
				GCC_WARN_UNUSED_VARIABLE = YES;
				IPHONEOS_DEPLOYMENT_TARGET = 9.3;
				MTL_ENABLE_DEBUG_INFO = YES;
				ONLY_ACTIVE_ARCH = YES;
				SDKROOT = iphoneos;
				SWIFT_OPTIMIZATION_LEVEL = "-Onone";
				TARGETED_DEVICE_FAMILY = "1,2";
			};
			name = Debug;
		};
		CAE69E601CC27975008AD2E7 /* Release */ = {
			isa = XCBuildConfiguration;
			buildSettings = {
				ALWAYS_SEARCH_USER_PATHS = NO;
				CLANG_ANALYZER_NONNULL = YES;
				CLANG_CXX_LANGUAGE_STANDARD = "gnu++0x";
				CLANG_CXX_LIBRARY = "libc++";
				CLANG_ENABLE_MODULES = YES;
				CLANG_ENABLE_OBJC_ARC = YES;
				CLANG_WARN_BOOL_CONVERSION = YES;
				CLANG_WARN_CONSTANT_CONVERSION = YES;
				CLANG_WARN_DIRECT_OBJC_ISA_USAGE = YES_ERROR;
				CLANG_WARN_EMPTY_BODY = YES;
				CLANG_WARN_ENUM_CONVERSION = YES;
				CLANG_WARN_INT_CONVERSION = YES;
				CLANG_WARN_OBJC_ROOT_CLASS = YES_ERROR;
				CLANG_WARN_UNREACHABLE_CODE = YES;
				CLANG_WARN__DUPLICATE_METHOD_MATCH = YES;
				"CODE_SIGN_IDENTITY[sdk=iphoneos*]" = "iPhone Developer";
				COPY_PHASE_STRIP = NO;
				DEBUG_INFORMATION_FORMAT = "dwarf-with-dsym";
				ENABLE_NS_ASSERTIONS = NO;
				ENABLE_STRICT_OBJC_MSGSEND = YES;
				GCC_C_LANGUAGE_STANDARD = gnu99;
				GCC_NO_COMMON_BLOCKS = YES;
				GCC_WARN_64_TO_32_BIT_CONVERSION = YES;
				GCC_WARN_ABOUT_RETURN_TYPE = YES_ERROR;
				GCC_WARN_UNDECLARED_SELECTOR = YES;
				GCC_WARN_UNINITIALIZED_AUTOS = YES_AGGRESSIVE;
				GCC_WARN_UNUSED_FUNCTION = YES;
				GCC_WARN_UNUSED_VARIABLE = YES;
				IPHONEOS_DEPLOYMENT_TARGET = 9.3;
				MTL_ENABLE_DEBUG_INFO = NO;
				SDKROOT = iphoneos;
				TARGETED_DEVICE_FAMILY = "1,2";
				VALIDATE_PRODUCT = YES;
			};
			name = Release;
		};
		CAE69E621CC27975008AD2E7 /* Debug */ = {
			isa = XCBuildConfiguration;
			buildSettings = {
				ASSETCATALOG_COMPILER_APPICON_NAME = AppIcon;
				INFOPLIST_FILE = "Battle Bods/Info.plist";
				LD_RUNPATH_SEARCH_PATHS = "$(inherited) @executable_path/Frameworks";
				PRODUCT_BUNDLE_IDENTIFIER = "com.weetoonsoftware.Battle-Bods";
				PRODUCT_NAME = "$(TARGET_NAME)";
			};
			name = Debug;
		};
		CAE69E631CC27975008AD2E7 /* Release */ = {
			isa = XCBuildConfiguration;
			buildSettings = {
				ASSETCATALOG_COMPILER_APPICON_NAME = AppIcon;
				INFOPLIST_FILE = "Battle Bods/Info.plist";
				LD_RUNPATH_SEARCH_PATHS = "$(inherited) @executable_path/Frameworks";
				PRODUCT_BUNDLE_IDENTIFIER = "com.weetoonsoftware.Battle-Bods";
				PRODUCT_NAME = "$(TARGET_NAME)";
			};
			name = Release;
		};
/* End XCBuildConfiguration section */

/* Begin XCConfigurationList section */
		CAE69E4A1CC27975008AD2E7 /* Build configuration list for PBXProject "Battle Bods" */ = {
			isa = XCConfigurationList;
			buildConfigurations = (
				CAE69E5F1CC27975008AD2E7 /* Debug */,
				CAE69E601CC27975008AD2E7 /* Release */,
			);
			defaultConfigurationIsVisible = 0;
			defaultConfigurationName = Release;
		};
		CAE69E611CC27975008AD2E7 /* Build configuration list for PBXNativeTarget "Battle Bods" */ = {
			isa = XCConfigurationList;
			buildConfigurations = (
				CAE69E621CC27975008AD2E7 /* Debug */,
				CAE69E631CC27975008AD2E7 /* Release */,
			);
			defaultConfigurationIsVisible = 0;
		};
/* End XCConfigurationList section */
	};
	rootObject = CAE69E471CC27975008AD2E7 /* Project object */;
}
